
Microsoft Visual Studio Solution File, Format Version 12.00
# Visual Studio Version 17
VisualStudioVersion = 17.4.33213.308
MinimumVisualStudioVersion = 10.0.40219.1
Project("{FAE04EC0-301F-11D3-BF4B-00C04F79EFBC}") = "MiolectricasWeb", "MiolectricasWeb\MiolectricasWeb.csproj", "{CC36BC50-EB75-4EEC-81B2-B2716F4E7651}"
EndProject
Global
	GlobalSection(SolutionConfigurationPlatforms) = preSolution
		Debug|Any CPU = Debug|Any CPU
		Release|Any CPU = Release|Any CPU
	EndGlobalSection
	GlobalSection(ProjectConfigurationPlatforms) = postSolution
		{CC36BC50-EB75-4EEC-81B2-B2716F4E7651}.Debug|Any CPU.ActiveCfg = Debug|Any CPU
		{CC36BC50-EB75-4EEC-81B2-B2716F4E7651}.Debug|Any CPU.Build.0 = Debug|Any CPU
		{CC36BC50-EB75-4EEC-81B2-B2716F4E7651}.Release|Any CPU.ActiveCfg = Release|Any CPU
		{CC36BC50-EB75-4EEC-81B2-B2716F4E7651}.Release|Any CPU.Build.0 = Release|Any CPU
	EndGlobalSection
	GlobalSection(SolutionProperties) = preSolution
		HideSolutionNode = FALSE
	EndGlobalSection
	GlobalSection(ExtensibilityGlobals) = postSolution
		SolutionGuid = {1C29BCC4-57C2-4E14-ABD6-0D8E474696E0}
	EndGlobalSection
EndGlobal
